
Microsoft Visual Studio Solution File, Format Version 12.00
# Visual Studio 15
VisualStudioVersion = 15.0.26430.15
MinimumVisualStudioVersion = 10.0.40219.1
Project("{FAE04EC0-301F-11D3-BF4B-00C04F79EFBC}") = "BankAccount", "BankAccount\BankAccount.csproj", "{83AF6C70-7429-49C8-84BD-41204007B6A4}"
EndProject
Project("{2150E333-8FDC-42A3-9474-1A3956D46DE8}") = "DefiningClassesExercise", "DefiningClassesExercise", "{AF197620-D593-49E7-A749-9EE1EE0A62D0}"
EndProject
Project("{FAE04EC0-301F-11D3-BF4B-00C04F79EFBC}") = "E01_DefineClassPerson", "E01_DefineClassPerson\E01_DefineClassPerson.csproj", "{5E74745C-7A79-40B1-9DC0-3376F3CB0DED}"
EndProject
Project("{FAE04EC0-301F-11D3-BF4B-00C04F79EFBC}") = "E02_CreatingConstructors", "E02_CreatingConstructors\E02_CreatingConstructors.csproj", "{B30191ED-B2D6-47E5-8779-DDC8CCF9C46E}"
EndProject
Project("{FAE04EC0-301F-11D3-BF4B-00C04F79EFBC}") = "E03_OldestFamilyMember", "E03_OldestFamilyMember\E03_OldestFamilyMember.csproj", "{FB934A85-4706-4FAC-B016-0A26FC8640EC}"
EndProject
Project("{FAE04EC0-301F-11D3-BF4B-00C04F79EFBC}") = "E04_OpinionPoll", "E04_OpinionPoll\E04_OpinionPoll.csproj", "{A3520059-C7D2-420E-9D4F-18D92CD6A5F4}"
EndProject
Project("{FAE04EC0-301F-11D3-BF4B-00C04F79EFBC}") = "E05_DateModifier", "E05_DateModifier\E05_DateModifier.csproj", "{141A2838-7D54-4F7D-A012-0CDF4839DE48}"
EndProject
Project("{FAE04EC0-301F-11D3-BF4B-00C04F79EFBC}") = "E06_CompanyRoster", "E06_CompanyRoster\E06_CompanyRoster.csproj", "{CB9960FA-C83E-4546-B861-B3AED5546F55}"
EndProject
Project("{FAE04EC0-301F-11D3-BF4B-00C04F79EFBC}") = "E07_SpeedRacing", "E07_SpeedRacing\E07_SpeedRacing.csproj", "{2E26FB7D-0865-40C4-BF08-53C10365BCEA}"
EndProject
Project("{FAE04EC0-301F-11D3-BF4B-00C04F79EFBC}") = "E08_RawData", "E08_RawData\E08_RawData.csproj", "{AADA9553-7F45-4E42-9531-E5AE2A4B9C80}"
EndProject
Project("{FAE04EC0-301F-11D3-BF4B-00C04F79EFBC}") = "E09_ReactangleIntersection", "E09_ReactangleIntersection\E09_ReactangleIntersection.csproj", "{443B329F-B5DE-444C-A35F-1C5FAC7FDCE5}"
EndProject
Project("{FAE04EC0-301F-11D3-BF4B-00C04F79EFBC}") = "E10_CarSalesman", "E10_CarSalesman\E10_CarSalesman.csproj", "{ED1E9157-DB62-4D09-AC07-B96828185292}"
EndProject
Project("{FAE04EC0-301F-11D3-BF4B-00C04F79EFBC}") = "E11_PokemonTrainer", "E11_PokemonTrainer\E11_PokemonTrainer.csproj", "{2EE7CE31-52C3-4C4F-AF9E-E43C2FD0AFB2}"
EndProject
Project("{FAE04EC0-301F-11D3-BF4B-00C04F79EFBC}") = "E12_Google", "E12_Google\E12_Google.csproj", "{197904C2-3BE2-4D97-BCEB-FBEA1DE28F5F}"
EndProject
Project("{2150E333-8FDC-42A3-9474-1A3956D46DE8}") = "EncapsulationLab", "EncapsulationLab", "{EFA11627-4BE9-466B-8CD9-7B15AD097BB1}"
EndProject
Project("{FAE04EC0-301F-11D3-BF4B-00C04F79EFBC}") = "L01_SortPersonByNameAge", "L01_SortPersonByNameAge\L01_SortPersonByNameAge.csproj", "{BF328252-6505-4924-B94D-3908AE342B0C}"
EndProject
Project("{FAE04EC0-301F-11D3-BF4B-00C04F79EFBC}") = "L02_SalaryIncrease", "L02_SalaryIncrease\L02_SalaryIncrease.csproj", "{7B8E543D-4956-4713-ABDF-AC02A46D5F36}"
EndProject
Project("{FAE04EC0-301F-11D3-BF4B-00C04F79EFBC}") = "L03_ValidationData", "L03_ValidationData\L03_ValidationData.csproj", "{03323A2C-6023-4655-9A0D-9010ECA18037}"
EndProject
Project("{FAE04EC0-301F-11D3-BF4B-00C04F79EFBC}") = "L04_FirstReserveTeam", "L04_FirstReserveTeam\L04_FirstReserveTeam.csproj", "{65A29DD1-6F70-4DB9-804C-A8D8E119165B}"
EndProject
Project("{2150E333-8FDC-42A3-9474-1A3956D46DE8}") = "EncapsulationExercise", "EncapsulationExercise", "{2281E0F7-26ED-4126-AA6A-78326A52A0AE}"
EndProject
Project("{FAE04EC0-301F-11D3-BF4B-00C04F79EFBC}") = "E01_ClassBox", "E01_ClassBox\E01_ClassBox.csproj", "{15316F0B-86B4-4653-934F-4AA52CFC3DD0}"
EndProject
Project("{FAE04EC0-301F-11D3-BF4B-00C04F79EFBC}") = "E02_ClassBoxDataValidation", "E02_ClassBoxDataValidation\E02_ClassBoxDataValidation.csproj", "{63657B40-4AF0-43A4-BE25-CF931E465F0F}"
EndProject
Project("{FAE04EC0-301F-11D3-BF4B-00C04F79EFBC}") = "AnimalFarm", "AnimalFarm\AnimalFarm\AnimalFarm.csproj", "{32AEC171-3440-43ED-822B-E7F89C5A8651}"
EndProject
Project("{FAE04EC0-301F-11D3-BF4B-00C04F79EFBC}") = "E04_ShoppigSpree", "E04_ShoppigSpree\E04_ShoppigSpree.csproj", "{D4265B9E-9FCD-4D38-B1E1-71C342566731}"
EndProject
Project("{FAE04EC0-301F-11D3-BF4B-00C04F79EFBC}") = "E05_PizzaCalories", "E05_PizzaCalories\E05_PizzaCalories.csproj", "{0E1AD4EB-5CAE-4096-B359-B86C8F9E409E}"
EndProject
Project("{2150E333-8FDC-42A3-9474-1A3956D46DE8}") = "InheritanceLab", "InheritanceLab", "{2222FAA8-E391-4525-9582-BA2C3FE7D5A3}"
EndProject
Project("{FAE04EC0-301F-11D3-BF4B-00C04F79EFBC}") = "L01_SingleInheritance", "L01_SingleInheritance\L01_SingleInheritance.csproj", "{7DE93CD9-1F9B-4A84-90CC-32985A723654}"
EndProject
Project("{FAE04EC0-301F-11D3-BF4B-00C04F79EFBC}") = "L02_MultipleInheritance", "L02_MultipleInheritance\L02_MultipleInheritance.csproj", "{95BFE59F-8B78-4FC1-ABC9-A0607BEDE5DA}"
EndProject
Project("{FAE04EC0-301F-11D3-BF4B-00C04F79EFBC}") = "L03_HierarchicalInheritance", "L03_HierarchicalInheritance\L03_HierarchicalInheritance.csproj", "{CDAADBFB-F94E-4934-8350-6663A2438688}"
EndProject
Project("{FAE04EC0-301F-11D3-BF4B-00C04F79EFBC}") = "L04_RandomList", "L04_RandomList\L04_RandomList.csproj", "{2B6FEA4F-FF62-422F-AE91-4F177B608792}"
EndProject
Project("{FAE04EC0-301F-11D3-BF4B-00C04F79EFBC}") = "L05_StackOfStrings", "L05_StackOfStrings\L05_StackOfStrings.csproj", "{D090AA55-4F5B-41F7-BF25-2E72D1814D6E}"
EndProject
Project("{2150E333-8FDC-42A3-9474-1A3956D46DE8}") = "InheritanceExercise", "InheritanceExercise", "{4FED98D2-49AF-45D8-85A9-0DEDAB0B362A}"
EndProject
Project("{FAE04EC0-301F-11D3-BF4B-00C04F79EFBC}") = "E01_Person", "E01_Person\E01_Person.csproj", "{B6CF4EEB-E0DE-442D-A7BD-8A86534B53AD}"
EndProject
Project("{FAE04EC0-301F-11D3-BF4B-00C04F79EFBC}") = "E02_BookShop", "E02_BookShop\E02_BookShop.csproj", "{60A131B5-DFD4-4A72-AB20-C5F79C63FA0A}"
EndProject
Project("{FAE04EC0-301F-11D3-BF4B-00C04F79EFBC}") = "E03_Manking", "E03_Manking\E03_Manking.csproj", "{68F1598F-AEFB-4E3B-9808-BD990E381A2A}"
EndProject
Project("{FAE04EC0-301F-11D3-BF4B-00C04F79EFBC}") = "E04_OnlineRadio", "E04_OnlineRadio\E04_OnlineRadio.csproj", "{EBD1149B-0175-40A2-875F-B29B70A7F9A4}"
EndProject
Project("{FAE04EC0-301F-11D3-BF4B-00C04F79EFBC}") = "E05_MordorsCrueltyPlan", "E05_MordorsCrueltyPlan\E05_MordorsCrueltyPlan.csproj", "{75BEF91D-C461-469F-A643-004FFC3A5FAC}"
EndProject
Project("{2150E333-8FDC-42A3-9474-1A3956D46DE8}") = "PolymorphismLab", "PolymorphismLab", "{B689A4C8-A330-4BB8-A99C-BE587A51745D}"
EndProject
Project("{FAE04EC0-301F-11D3-BF4B-00C04F79EFBC}") = "L01_MathOperation", "L01_MathOperation\L01_MathOperation.csproj", "{831E11FA-C396-40A9-8648-B94895D7A3EE}"
EndProject
Project("{FAE04EC0-301F-11D3-BF4B-00C04F79EFBC}") = "L02_Animals", "L02_Animals\L02_Animals.csproj", "{631885CB-632E-4332-817D-82D3DBCE809A}"
EndProject
Project("{FAE04EC0-301F-11D3-BF4B-00C04F79EFBC}") = "L03_Shapes", "L03_Shapes\L03_Shapes.csproj", "{9339C788-843E-4CDE-B2CB-52A842929171}"
EndProject
Project("{2150E333-8FDC-42A3-9474-1A3956D46DE8}") = "PolymorphismExercise", "PolymorphismExercise", "{DFA16981-2AA1-4FA8-85A0-1AAA5FDEFD33}"
EndProject
Project("{FAE04EC0-301F-11D3-BF4B-00C04F79EFBC}") = "E01_Vehicles", "E01_Vehicles\E01_Vehicles.csproj", "{90DE75EA-783E-4875-A5BA-F1F599498B65}"
EndProject
Project("{FAE04EC0-301F-11D3-BF4B-00C04F79EFBC}") = "E02_VehiclesExtension", "E02_VehiclesExtension\E02_VehiclesExtension.csproj", "{0FE0C074-40F8-4F54-A0C6-F7EA099866F8}"
EndProject
Project("{2150E333-8FDC-42A3-9474-1A3956D46DE8}") = "DefiningClassesLab", "DefiningClassesLab", "{9AEB7268-F9AA-4EF5-B1AD-650C31A41CC5}"
EndProject
Global
	GlobalSection(SolutionConfigurationPlatforms) = preSolution
		Debug|Any CPU = Debug|Any CPU
		Release|Any CPU = Release|Any CPU
	EndGlobalSection
	GlobalSection(ProjectConfigurationPlatforms) = postSolution
		{83AF6C70-7429-49C8-84BD-41204007B6A4}.Debug|Any CPU.ActiveCfg = Debug|Any CPU
		{83AF6C70-7429-49C8-84BD-41204007B6A4}.Debug|Any CPU.Build.0 = Debug|Any CPU
		{83AF6C70-7429-49C8-84BD-41204007B6A4}.Release|Any CPU.ActiveCfg = Release|Any CPU
		{83AF6C70-7429-49C8-84BD-41204007B6A4}.Release|Any CPU.Build.0 = Release|Any CPU
		{5E74745C-7A79-40B1-9DC0-3376F3CB0DED}.Debug|Any CPU.ActiveCfg = Debug|Any CPU
		{5E74745C-7A79-40B1-9DC0-3376F3CB0DED}.Debug|Any CPU.Build.0 = Debug|Any CPU
		{5E74745C-7A79-40B1-9DC0-3376F3CB0DED}.Release|Any CPU.ActiveCfg = Release|Any CPU
		{5E74745C-7A79-40B1-9DC0-3376F3CB0DED}.Release|Any CPU.Build.0 = Release|Any CPU
		{B30191ED-B2D6-47E5-8779-DDC8CCF9C46E}.Debug|Any CPU.ActiveCfg = Debug|Any CPU
		{B30191ED-B2D6-47E5-8779-DDC8CCF9C46E}.Debug|Any CPU.Build.0 = Debug|Any CPU
		{B30191ED-B2D6-47E5-8779-DDC8CCF9C46E}.Release|Any CPU.ActiveCfg = Release|Any CPU
		{B30191ED-B2D6-47E5-8779-DDC8CCF9C46E}.Release|Any CPU.Build.0 = Release|Any CPU
		{FB934A85-4706-4FAC-B016-0A26FC8640EC}.Debug|Any CPU.ActiveCfg = Debug|Any CPU
		{FB934A85-4706-4FAC-B016-0A26FC8640EC}.Debug|Any CPU.Build.0 = Debug|Any CPU
		{FB934A85-4706-4FAC-B016-0A26FC8640EC}.Release|Any CPU.ActiveCfg = Release|Any CPU
		{FB934A85-4706-4FAC-B016-0A26FC8640EC}.Release|Any CPU.Build.0 = Release|Any CPU
		{A3520059-C7D2-420E-9D4F-18D92CD6A5F4}.Debug|Any CPU.ActiveCfg = Debug|Any CPU
		{A3520059-C7D2-420E-9D4F-18D92CD6A5F4}.Debug|Any CPU.Build.0 = Debug|Any CPU
		{A3520059-C7D2-420E-9D4F-18D92CD6A5F4}.Release|Any CPU.ActiveCfg = Release|Any CPU
		{A3520059-C7D2-420E-9D4F-18D92CD6A5F4}.Release|Any CPU.Build.0 = Release|Any CPU
		{141A2838-7D54-4F7D-A012-0CDF4839DE48}.Debug|Any CPU.ActiveCfg = Debug|Any CPU
		{141A2838-7D54-4F7D-A012-0CDF4839DE48}.Debug|Any CPU.Build.0 = Debug|Any CPU
		{141A2838-7D54-4F7D-A012-0CDF4839DE48}.Release|Any CPU.ActiveCfg = Release|Any CPU
		{141A2838-7D54-4F7D-A012-0CDF4839DE48}.Release|Any CPU.Build.0 = Release|Any CPU
		{CB9960FA-C83E-4546-B861-B3AED5546F55}.Debug|Any CPU.ActiveCfg = Debug|Any CPU
		{CB9960FA-C83E-4546-B861-B3AED5546F55}.Debug|Any CPU.Build.0 = Debug|Any CPU
		{CB9960FA-C83E-4546-B861-B3AED5546F55}.Release|Any CPU.ActiveCfg = Release|Any CPU
		{CB9960FA-C83E-4546-B861-B3AED5546F55}.Release|Any CPU.Build.0 = Release|Any CPU
		{2E26FB7D-0865-40C4-BF08-53C10365BCEA}.Debug|Any CPU.ActiveCfg = Debug|Any CPU
		{2E26FB7D-0865-40C4-BF08-53C10365BCEA}.Debug|Any CPU.Build.0 = Debug|Any CPU
		{2E26FB7D-0865-40C4-BF08-53C10365BCEA}.Release|Any CPU.ActiveCfg = Release|Any CPU
		{2E26FB7D-0865-40C4-BF08-53C10365BCEA}.Release|Any CPU.Build.0 = Release|Any CPU
		{AADA9553-7F45-4E42-9531-E5AE2A4B9C80}.Debug|Any CPU.ActiveCfg = Debug|Any CPU
		{AADA9553-7F45-4E42-9531-E5AE2A4B9C80}.Debug|Any CPU.Build.0 = Debug|Any CPU
		{AADA9553-7F45-4E42-9531-E5AE2A4B9C80}.Release|Any CPU.ActiveCfg = Release|Any CPU
		{AADA9553-7F45-4E42-9531-E5AE2A4B9C80}.Release|Any CPU.Build.0 = Release|Any CPU
		{443B329F-B5DE-444C-A35F-1C5FAC7FDCE5}.Debug|Any CPU.ActiveCfg = Debug|Any CPU
		{443B329F-B5DE-444C-A35F-1C5FAC7FDCE5}.Debug|Any CPU.Build.0 = Debug|Any CPU
		{443B329F-B5DE-444C-A35F-1C5FAC7FDCE5}.Release|Any CPU.ActiveCfg = Release|Any CPU
		{443B329F-B5DE-444C-A35F-1C5FAC7FDCE5}.Release|Any CPU.Build.0 = Release|Any CPU
		{ED1E9157-DB62-4D09-AC07-B96828185292}.Debug|Any CPU.ActiveCfg = Debug|Any CPU
		{ED1E9157-DB62-4D09-AC07-B96828185292}.Debug|Any CPU.Build.0 = Debug|Any CPU
		{ED1E9157-DB62-4D09-AC07-B96828185292}.Release|Any CPU.ActiveCfg = Release|Any CPU
		{ED1E9157-DB62-4D09-AC07-B96828185292}.Release|Any CPU.Build.0 = Release|Any CPU
		{2EE7CE31-52C3-4C4F-AF9E-E43C2FD0AFB2}.Debug|Any CPU.ActiveCfg = Debug|Any CPU
		{2EE7CE31-52C3-4C4F-AF9E-E43C2FD0AFB2}.Debug|Any CPU.Build.0 = Debug|Any CPU
		{2EE7CE31-52C3-4C4F-AF9E-E43C2FD0AFB2}.Release|Any CPU.ActiveCfg = Release|Any CPU
		{2EE7CE31-52C3-4C4F-AF9E-E43C2FD0AFB2}.Release|Any CPU.Build.0 = Release|Any CPU
		{197904C2-3BE2-4D97-BCEB-FBEA1DE28F5F}.Debug|Any CPU.ActiveCfg = Debug|Any CPU
		{197904C2-3BE2-4D97-BCEB-FBEA1DE28F5F}.Debug|Any CPU.Build.0 = Debug|Any CPU
		{197904C2-3BE2-4D97-BCEB-FBEA1DE28F5F}.Release|Any CPU.ActiveCfg = Release|Any CPU
		{197904C2-3BE2-4D97-BCEB-FBEA1DE28F5F}.Release|Any CPU.Build.0 = Release|Any CPU
		{BF328252-6505-4924-B94D-3908AE342B0C}.Debug|Any CPU.ActiveCfg = Debug|Any CPU
		{BF328252-6505-4924-B94D-3908AE342B0C}.Debug|Any CPU.Build.0 = Debug|Any CPU
		{BF328252-6505-4924-B94D-3908AE342B0C}.Release|Any CPU.ActiveCfg = Release|Any CPU
		{BF328252-6505-4924-B94D-3908AE342B0C}.Release|Any CPU.Build.0 = Release|Any CPU
		{7B8E543D-4956-4713-ABDF-AC02A46D5F36}.Debug|Any CPU.ActiveCfg = Debug|Any CPU
		{7B8E543D-4956-4713-ABDF-AC02A46D5F36}.Debug|Any CPU.Build.0 = Debug|Any CPU
		{7B8E543D-4956-4713-ABDF-AC02A46D5F36}.Release|Any CPU.ActiveCfg = Release|Any CPU
		{7B8E543D-4956-4713-ABDF-AC02A46D5F36}.Release|Any CPU.Build.0 = Release|Any CPU
		{03323A2C-6023-4655-9A0D-9010ECA18037}.Debug|Any CPU.ActiveCfg = Debug|Any CPU
		{03323A2C-6023-4655-9A0D-9010ECA18037}.Debug|Any CPU.Build.0 = Debug|Any CPU
		{03323A2C-6023-4655-9A0D-9010ECA18037}.Release|Any CPU.ActiveCfg = Release|Any CPU
		{03323A2C-6023-4655-9A0D-9010ECA18037}.Release|Any CPU.Build.0 = Release|Any CPU
		{65A29DD1-6F70-4DB9-804C-A8D8E119165B}.Debug|Any CPU.ActiveCfg = Debug|Any CPU
		{65A29DD1-6F70-4DB9-804C-A8D8E119165B}.Debug|Any CPU.Build.0 = Debug|Any CPU
		{65A29DD1-6F70-4DB9-804C-A8D8E119165B}.Release|Any CPU.ActiveCfg = Release|Any CPU
		{65A29DD1-6F70-4DB9-804C-A8D8E119165B}.Release|Any CPU.Build.0 = Release|Any CPU
		{15316F0B-86B4-4653-934F-4AA52CFC3DD0}.Debug|Any CPU.ActiveCfg = Debug|Any CPU
		{15316F0B-86B4-4653-934F-4AA52CFC3DD0}.Debug|Any CPU.Build.0 = Debug|Any CPU
		{15316F0B-86B4-4653-934F-4AA52CFC3DD0}.Release|Any CPU.ActiveCfg = Release|Any CPU
		{15316F0B-86B4-4653-934F-4AA52CFC3DD0}.Release|Any CPU.Build.0 = Release|Any CPU
		{63657B40-4AF0-43A4-BE25-CF931E465F0F}.Debug|Any CPU.ActiveCfg = Debug|Any CPU
		{63657B40-4AF0-43A4-BE25-CF931E465F0F}.Debug|Any CPU.Build.0 = Debug|Any CPU
		{63657B40-4AF0-43A4-BE25-CF931E465F0F}.Release|Any CPU.ActiveCfg = Release|Any CPU
		{63657B40-4AF0-43A4-BE25-CF931E465F0F}.Release|Any CPU.Build.0 = Release|Any CPU
		{32AEC171-3440-43ED-822B-E7F89C5A8651}.Debug|Any CPU.ActiveCfg = Debug|Any CPU
		{32AEC171-3440-43ED-822B-E7F89C5A8651}.Debug|Any CPU.Build.0 = Debug|Any CPU
		{32AEC171-3440-43ED-822B-E7F89C5A8651}.Release|Any CPU.ActiveCfg = Release|Any CPU
		{32AEC171-3440-43ED-822B-E7F89C5A8651}.Release|Any CPU.Build.0 = Release|Any CPU
		{D4265B9E-9FCD-4D38-B1E1-71C342566731}.Debug|Any CPU.ActiveCfg = Debug|Any CPU
		{D4265B9E-9FCD-4D38-B1E1-71C342566731}.Debug|Any CPU.Build.0 = Debug|Any CPU
		{D4265B9E-9FCD-4D38-B1E1-71C342566731}.Release|Any CPU.ActiveCfg = Release|Any CPU
		{D4265B9E-9FCD-4D38-B1E1-71C342566731}.Release|Any CPU.Build.0 = Release|Any CPU
		{0E1AD4EB-5CAE-4096-B359-B86C8F9E409E}.Debug|Any CPU.ActiveCfg = Debug|Any CPU
		{0E1AD4EB-5CAE-4096-B359-B86C8F9E409E}.Debug|Any CPU.Build.0 = Debug|Any CPU
		{0E1AD4EB-5CAE-4096-B359-B86C8F9E409E}.Release|Any CPU.ActiveCfg = Release|Any CPU
		{0E1AD4EB-5CAE-4096-B359-B86C8F9E409E}.Release|Any CPU.Build.0 = Release|Any CPU
		{7DE93CD9-1F9B-4A84-90CC-32985A723654}.Debug|Any CPU.ActiveCfg = Debug|Any CPU
		{7DE93CD9-1F9B-4A84-90CC-32985A723654}.Debug|Any CPU.Build.0 = Debug|Any CPU
		{7DE93CD9-1F9B-4A84-90CC-32985A723654}.Release|Any CPU.ActiveCfg = Release|Any CPU
		{7DE93CD9-1F9B-4A84-90CC-32985A723654}.Release|Any CPU.Build.0 = Release|Any CPU
		{95BFE59F-8B78-4FC1-ABC9-A0607BEDE5DA}.Debug|Any CPU.ActiveCfg = Debug|Any CPU
		{95BFE59F-8B78-4FC1-ABC9-A0607BEDE5DA}.Debug|Any CPU.Build.0 = Debug|Any CPU
		{95BFE59F-8B78-4FC1-ABC9-A0607BEDE5DA}.Release|Any CPU.ActiveCfg = Release|Any CPU
		{95BFE59F-8B78-4FC1-ABC9-A0607BEDE5DA}.Release|Any CPU.Build.0 = Release|Any CPU
		{CDAADBFB-F94E-4934-8350-6663A2438688}.Debug|Any CPU.ActiveCfg = Debug|Any CPU
		{CDAADBFB-F94E-4934-8350-6663A2438688}.Debug|Any CPU.Build.0 = Debug|Any CPU
		{CDAADBFB-F94E-4934-8350-6663A2438688}.Release|Any CPU.ActiveCfg = Release|Any CPU
		{CDAADBFB-F94E-4934-8350-6663A2438688}.Release|Any CPU.Build.0 = Release|Any CPU
		{2B6FEA4F-FF62-422F-AE91-4F177B608792}.Debug|Any CPU.ActiveCfg = Debug|Any CPU
		{2B6FEA4F-FF62-422F-AE91-4F177B608792}.Debug|Any CPU.Build.0 = Debug|Any CPU
		{2B6FEA4F-FF62-422F-AE91-4F177B608792}.Release|Any CPU.ActiveCfg = Release|Any CPU
		{2B6FEA4F-FF62-422F-AE91-4F177B608792}.Release|Any CPU.Build.0 = Release|Any CPU
		{D090AA55-4F5B-41F7-BF25-2E72D1814D6E}.Debug|Any CPU.ActiveCfg = Debug|Any CPU
		{D090AA55-4F5B-41F7-BF25-2E72D1814D6E}.Debug|Any CPU.Build.0 = Debug|Any CPU
		{D090AA55-4F5B-41F7-BF25-2E72D1814D6E}.Release|Any CPU.ActiveCfg = Release|Any CPU
		{D090AA55-4F5B-41F7-BF25-2E72D1814D6E}.Release|Any CPU.Build.0 = Release|Any CPU
		{B6CF4EEB-E0DE-442D-A7BD-8A86534B53AD}.Debug|Any CPU.ActiveCfg = Debug|Any CPU
		{B6CF4EEB-E0DE-442D-A7BD-8A86534B53AD}.Debug|Any CPU.Build.0 = Debug|Any CPU
		{B6CF4EEB-E0DE-442D-A7BD-8A86534B53AD}.Release|Any CPU.ActiveCfg = Release|Any CPU
		{B6CF4EEB-E0DE-442D-A7BD-8A86534B53AD}.Release|Any CPU.Build.0 = Release|Any CPU
		{60A131B5-DFD4-4A72-AB20-C5F79C63FA0A}.Debug|Any CPU.ActiveCfg = Debug|Any CPU
		{60A131B5-DFD4-4A72-AB20-C5F79C63FA0A}.Debug|Any CPU.Build.0 = Debug|Any CPU
		{60A131B5-DFD4-4A72-AB20-C5F79C63FA0A}.Release|Any CPU.ActiveCfg = Release|Any CPU
		{60A131B5-DFD4-4A72-AB20-C5F79C63FA0A}.Release|Any CPU.Build.0 = Release|Any CPU
		{68F1598F-AEFB-4E3B-9808-BD990E381A2A}.Debug|Any CPU.ActiveCfg = Debug|Any CPU
		{68F1598F-AEFB-4E3B-9808-BD990E381A2A}.Debug|Any CPU.Build.0 = Debug|Any CPU
		{68F1598F-AEFB-4E3B-9808-BD990E381A2A}.Release|Any CPU.ActiveCfg = Release|Any CPU
		{68F1598F-AEFB-4E3B-9808-BD990E381A2A}.Release|Any CPU.Build.0 = Release|Any CPU
		{EBD1149B-0175-40A2-875F-B29B70A7F9A4}.Debug|Any CPU.ActiveCfg = Debug|Any CPU
		{EBD1149B-0175-40A2-875F-B29B70A7F9A4}.Debug|Any CPU.Build.0 = Debug|Any CPU
		{EBD1149B-0175-40A2-875F-B29B70A7F9A4}.Release|Any CPU.ActiveCfg = Release|Any CPU
		{EBD1149B-0175-40A2-875F-B29B70A7F9A4}.Release|Any CPU.Build.0 = Release|Any CPU
		{75BEF91D-C461-469F-A643-004FFC3A5FAC}.Debug|Any CPU.ActiveCfg = Debug|Any CPU
		{75BEF91D-C461-469F-A643-004FFC3A5FAC}.Debug|Any CPU.Build.0 = Debug|Any CPU
		{75BEF91D-C461-469F-A643-004FFC3A5FAC}.Release|Any CPU.ActiveCfg = Release|Any CPU
		{75BEF91D-C461-469F-A643-004FFC3A5FAC}.Release|Any CPU.Build.0 = Release|Any CPU
		{831E11FA-C396-40A9-8648-B94895D7A3EE}.Debug|Any CPU.ActiveCfg = Debug|Any CPU
		{831E11FA-C396-40A9-8648-B94895D7A3EE}.Debug|Any CPU.Build.0 = Debug|Any CPU
		{831E11FA-C396-40A9-8648-B94895D7A3EE}.Release|Any CPU.ActiveCfg = Release|Any CPU
		{831E11FA-C396-40A9-8648-B94895D7A3EE}.Release|Any CPU.Build.0 = Release|Any CPU
		{631885CB-632E-4332-817D-82D3DBCE809A}.Debug|Any CPU.ActiveCfg = Debug|Any CPU
		{631885CB-632E-4332-817D-82D3DBCE809A}.Debug|Any CPU.Build.0 = Debug|Any CPU
		{631885CB-632E-4332-817D-82D3DBCE809A}.Release|Any CPU.ActiveCfg = Release|Any CPU
		{631885CB-632E-4332-817D-82D3DBCE809A}.Release|Any CPU.Build.0 = Release|Any CPU
		{9339C788-843E-4CDE-B2CB-52A842929171}.Debug|Any CPU.ActiveCfg = Debug|Any CPU
		{9339C788-843E-4CDE-B2CB-52A842929171}.Debug|Any CPU.Build.0 = Debug|Any CPU
		{9339C788-843E-4CDE-B2CB-52A842929171}.Release|Any CPU.ActiveCfg = Release|Any CPU
		{9339C788-843E-4CDE-B2CB-52A842929171}.Release|Any CPU.Build.0 = Release|Any CPU
		{90DE75EA-783E-4875-A5BA-F1F599498B65}.Debug|Any CPU.ActiveCfg = Debug|Any CPU
		{90DE75EA-783E-4875-A5BA-F1F599498B65}.Debug|Any CPU.Build.0 = Debug|Any CPU
		{90DE75EA-783E-4875-A5BA-F1F599498B65}.Release|Any CPU.ActiveCfg = Release|Any CPU
		{90DE75EA-783E-4875-A5BA-F1F599498B65}.Release|Any CPU.Build.0 = Release|Any CPU
		{0FE0C074-40F8-4F54-A0C6-F7EA099866F8}.Debug|Any CPU.ActiveCfg = Debug|Any CPU
		{0FE0C074-40F8-4F54-A0C6-F7EA099866F8}.Debug|Any CPU.Build.0 = Debug|Any CPU
		{0FE0C074-40F8-4F54-A0C6-F7EA099866F8}.Release|Any CPU.ActiveCfg = Release|Any CPU
		{0FE0C074-40F8-4F54-A0C6-F7EA099866F8}.Release|Any CPU.Build.0 = Release|Any CPU
	EndGlobalSection
	GlobalSection(SolutionProperties) = preSolution
		HideSolutionNode = FALSE
	EndGlobalSection
	GlobalSection(NestedProjects) = preSolution
		{83AF6C70-7429-49C8-84BD-41204007B6A4} = {9AEB7268-F9AA-4EF5-B1AD-650C31A41CC5}
		{5E74745C-7A79-40B1-9DC0-3376F3CB0DED} = {AF197620-D593-49E7-A749-9EE1EE0A62D0}
		{B30191ED-B2D6-47E5-8779-DDC8CCF9C46E} = {AF197620-D593-49E7-A749-9EE1EE0A62D0}
		{FB934A85-4706-4FAC-B016-0A26FC8640EC} = {AF197620-D593-49E7-A749-9EE1EE0A62D0}
		{A3520059-C7D2-420E-9D4F-18D92CD6A5F4} = {AF197620-D593-49E7-A749-9EE1EE0A62D0}
		{141A2838-7D54-4F7D-A012-0CDF4839DE48} = {AF197620-D593-49E7-A749-9EE1EE0A62D0}
		{CB9960FA-C83E-4546-B861-B3AED5546F55} = {AF197620-D593-49E7-A749-9EE1EE0A62D0}
		{2E26FB7D-0865-40C4-BF08-53C10365BCEA} = {AF197620-D593-49E7-A749-9EE1EE0A62D0}
		{AADA9553-7F45-4E42-9531-E5AE2A4B9C80} = {AF197620-D593-49E7-A749-9EE1EE0A62D0}
		{443B329F-B5DE-444C-A35F-1C5FAC7FDCE5} = {AF197620-D593-49E7-A749-9EE1EE0A62D0}
		{ED1E9157-DB62-4D09-AC07-B96828185292} = {AF197620-D593-49E7-A749-9EE1EE0A62D0}
		{2EE7CE31-52C3-4C4F-AF9E-E43C2FD0AFB2} = {AF197620-D593-49E7-A749-9EE1EE0A62D0}
		{197904C2-3BE2-4D97-BCEB-FBEA1DE28F5F} = {AF197620-D593-49E7-A749-9EE1EE0A62D0}
		{BF328252-6505-4924-B94D-3908AE342B0C} = {EFA11627-4BE9-466B-8CD9-7B15AD097BB1}
		{7B8E543D-4956-4713-ABDF-AC02A46D5F36} = {EFA11627-4BE9-466B-8CD9-7B15AD097BB1}
		{03323A2C-6023-4655-9A0D-9010ECA18037} = {EFA11627-4BE9-466B-8CD9-7B15AD097BB1}
		{65A29DD1-6F70-4DB9-804C-A8D8E119165B} = {EFA11627-4BE9-466B-8CD9-7B15AD097BB1}
		{15316F0B-86B4-4653-934F-4AA52CFC3DD0} = {2281E0F7-26ED-4126-AA6A-78326A52A0AE}
		{63657B40-4AF0-43A4-BE25-CF931E465F0F} = {2281E0F7-26ED-4126-AA6A-78326A52A0AE}
		{32AEC171-3440-43ED-822B-E7F89C5A8651} = {2281E0F7-26ED-4126-AA6A-78326A52A0AE}
		{D4265B9E-9FCD-4D38-B1E1-71C342566731} = {2281E0F7-26ED-4126-AA6A-78326A52A0AE}
		{0E1AD4EB-5CAE-4096-B359-B86C8F9E409E} = {2281E0F7-26ED-4126-AA6A-78326A52A0AE}
		{7DE93CD9-1F9B-4A84-90CC-32985A723654} = {2222FAA8-E391-4525-9582-BA2C3FE7D5A3}
		{95BFE59F-8B78-4FC1-ABC9-A0607BEDE5DA} = {2222FAA8-E391-4525-9582-BA2C3FE7D5A3}
		{CDAADBFB-F94E-4934-8350-6663A2438688} = {2222FAA8-E391-4525-9582-BA2C3FE7D5A3}
		{2B6FEA4F-FF62-422F-AE91-4F177B608792} = {2222FAA8-E391-4525-9582-BA2C3FE7D5A3}
		{D090AA55-4F5B-41F7-BF25-2E72D1814D6E} = {2222FAA8-E391-4525-9582-BA2C3FE7D5A3}
		{B6CF4EEB-E0DE-442D-A7BD-8A86534B53AD} = {4FED98D2-49AF-45D8-85A9-0DEDAB0B362A}
		{60A131B5-DFD4-4A72-AB20-C5F79C63FA0A} = {4FED98D2-49AF-45D8-85A9-0DEDAB0B362A}
		{68F1598F-AEFB-4E3B-9808-BD990E381A2A} = {4FED98D2-49AF-45D8-85A9-0DEDAB0B362A}
		{EBD1149B-0175-40A2-875F-B29B70A7F9A4} = {4FED98D2-49AF-45D8-85A9-0DEDAB0B362A}
		{75BEF91D-C461-469F-A643-004FFC3A5FAC} = {4FED98D2-49AF-45D8-85A9-0DEDAB0B362A}
		{831E11FA-C396-40A9-8648-B94895D7A3EE} = {B689A4C8-A330-4BB8-A99C-BE587A51745D}
		{631885CB-632E-4332-817D-82D3DBCE809A} = {B689A4C8-A330-4BB8-A99C-BE587A51745D}
		{9339C788-843E-4CDE-B2CB-52A842929171} = {B689A4C8-A330-4BB8-A99C-BE587A51745D}
		{90DE75EA-783E-4875-A5BA-F1F599498B65} = {DFA16981-2AA1-4FA8-85A0-1AAA5FDEFD33}
		{0FE0C074-40F8-4F54-A0C6-F7EA099866F8} = {DFA16981-2AA1-4FA8-85A0-1AAA5FDEFD33}
	EndGlobalSection
	GlobalSection(ExtensibilityGlobals) = postSolution
		SolutionGuid = {6E3CC74B-2003-49D0-9066-B787B31CD6DD}
	EndGlobalSection
EndGlobal
